
Microsoft Visual Studio Solution File, Format Version 12.00
# Visual Studio Version 16
VisualStudioVersion = 16.0.29230.47
MinimumVisualStudioVersion = 10.0.40219.1
Project("{FAE04EC0-301F-11D3-BF4B-00C04F79EFBC}") = "CustomerRelationManagement", "CustomerRelationManagement\CustomerRelationManagement.csproj", "{62F2D02B-B0DA-4CA1-89EB-77492CECFD9F}"
EndProject
Global
	GlobalSection(SolutionConfigurationPlatforms) = preSolution
		Debug|Any CPU = Debug|Any CPU
		Release|Any CPU = Release|Any CPU
	EndGlobalSection
	GlobalSection(ProjectConfigurationPlatforms) = postSolution
		{62F2D02B-B0DA-4CA1-89EB-77492CECFD9F}.Debug|Any CPU.ActiveCfg = Debug|Any CPU
		{62F2D02B-B0DA-4CA1-89EB-77492CECFD9F}.Debug|Any CPU.Build.0 = Debug|Any CPU
		{62F2D02B-B0DA-4CA1-89EB-77492CECFD9F}.Release|Any CPU.ActiveCfg = Release|Any CPU
		{62F2D02B-B0DA-4CA1-89EB-77492CECFD9F}.Release|Any CPU.Build.0 = Release|Any CPU
	EndGlobalSection
	GlobalSection(SolutionProperties) = preSolution
		HideSolutionNode = FALSE
	EndGlobalSection
	GlobalSection(ExtensibilityGlobals) = postSolution
		SolutionGuid = {4CEFD5E7-7818-4147-988F-01AC1B515201}
	EndGlobalSection
EndGlobal
